{
  "requires": true,
  "lockfileVersion": 1,
  "dependencies": {
    "@types/dat.gui": {
      "version": "0.7.5",
      "resolved": "https://registry.npmjs.org/@types/dat.gui/-/dat.gui-0.7.5.tgz",
      "integrity": "sha512-5AqLThlTiuDSOZA7XZFogRj/UdGKn/iIfdFPuh37kY4s7TjTt+YUOlUmcCrY6wAYFFyThtt2z8qZlYcdkhJZ5w=="
    },
    "three": {
      "version": "0.118.3",
      "resolved": "https://registry.npmjs.org/three/-/three-0.118.3.tgz",
      "integrity": "sha512-ijECXrNzDkHieoeh2H69kgawTGH8DiamhR4uBN8jEM7VHSKvfTdEvOoHsA8Aq7dh7PHAxhlqBsN5arBI3KixSw=="
    }
  }
}
