{
  "name": "product-config-finotto-vittor",
  "version": "1.0.0",
  "lockfileVersion": 1,
  "requires": true,
  "dependencies": {
    "@types/dat.gui": {
      "version": "0.7.5",
      "resolved": "https://registry.npmjs.org/@types/dat.gui/-/dat.gui-0.7.5.tgz",
      "integrity": "sha512-5AqLThlTiuDSOZA7XZFogRj/UdGKn/iIfdFPuh37kY4s7TjTt+YUOlUmcCrY6wAYFFyThtt2z8qZlYcdkhJZ5w=="
    },
    "three": {
      "version": "0.125.0",
      "resolved": "https://registry.npmjs.org/three/-/three-0.125.0.tgz",
      "integrity": "sha512-qL36qUGsPQ/Ofo/RZdXwHwM7A8wzUSAIyawtjIebJSPvounUQeneSqxI0aBY2iwKpseGy+RUtj3C5f/z4poyXw=="
    }
  }
}
